// !$*UTF8*$!
{
	archiveVersion = 1;
	classes = {
	};
	objectVersion = 56;
	objects = {

/* Begin PBXBuildFile section */
		5D6F6CC52ACF085A0026A497 /* ARTeachHistoryApp.swift in Sources */ = {isa = PBXBuildFile; fileRef = 5D6F6CC42ACF085A0026A497 /* ARTeachHistoryApp.swift */; };
		5D6F6CC92ACF085B0026A497 /* Assets.xcassets in Resources */ = {isa = PBXBuildFile; fileRef = 5D6F6CC82ACF085B0026A497 /* Assets.xcassets */; };
		5D6F6CCC2ACF085B0026A497 /* Preview Assets.xcassets in Resources */ = {isa = PBXBuildFile; fileRef = 5D6F6CCB2ACF085B0026A497 /* Preview Assets.xcassets */; };
		5D6F6CD42ACF08780026A497 /* CustomARView.swift in Sources */ = {isa = PBXBuildFile; fileRef = 5D6F6CD32ACF08780026A497 /* CustomARView.swift */; };
		5D6F6CD62ACF091F0026A497 /* ContentView.swift in Sources */ = {isa = PBXBuildFile; fileRef = 5D6F6CD52ACF091F0026A497 /* ContentView.swift */; };
		5D6F6CD82ACF095E0026A497 /* CustomARViewRepresentable.swift in Sources */ = {isa = PBXBuildFile; fileRef = 5D6F6CD72ACF095E0026A497 /* CustomARViewRepresentable.swift */; };
		5D7A80262AD052C20021C0F2 /* egypt.usdz in Resources */ = {isa = PBXBuildFile; fileRef = 5D7A80252AD052C10021C0F2 /* egypt.usdz */; };
		5D7A80282AD053DD0021C0F2 /* temple.usdz in Resources */ = {isa = PBXBuildFile; fileRef = 5D7A80272AD053DD0021C0F2 /* temple.usdz */; };
		5D807C9B2AD038C400C498A0 /* tabac.usdz in Resources */ = {isa = PBXBuildFile; fileRef = 5D807C9A2AD038C400C498A0 /* tabac.usdz */; };
		5DAE39092AD030F200AB4BDB /* ModelsResources.swift in Sources */ = {isa = PBXBuildFile; fileRef = 5DAE39082AD030F200AB4BDB /* ModelsResources.swift */; };
/* End PBXBuildFile section */

/* Begin PBXFileReference section */
		5D6F6CC12ACF085A0026A497 /* ARTeachHistory.app */ = {isa = PBXFileReference; explicitFileType = wrapper.application; includeInIndex = 0; path = ARTeachHistory.app; sourceTree = BUILT_PRODUCTS_DIR; };
		5D6F6CC42ACF085A0026A497 /* ARTeachHistoryApp.swift */ = {isa = PBXFileReference; lastKnownFileType = sourcecode.swift; path = ARTeachHistoryApp.swift; sourceTree = "<group>"; };
		5D6F6CC82ACF085B0026A497 /* Assets.xcassets */ = {isa = PBXFileReference; lastKnownFileType = folder.assetcatalog; path = Assets.xcassets; sourceTree = "<group>"; };
		5D6F6CCB2ACF085B0026A497 /* Preview Assets.xcassets */ = {isa = PBXFileReference; lastKnownFileType = folder.assetcatalog; path = "Preview Assets.xcassets"; sourceTree = "<group>"; };
		5D6F6CD32ACF08780026A497 /* CustomARView.swift */ = {isa = PBXFileReference; lastKnownFileType = sourcecode.swift; path = CustomARView.swift; sourceTree = "<group>"; };
		5D6F6CD52ACF091F0026A497 /* ContentView.swift */ = {isa = PBXFileReference; lastKnownFileType = sourcecode.swift; path = ContentView.swift; sourceTree = "<group>"; };
		5D6F6CD72ACF095E0026A497 /* CustomARViewRepresentable.swift */ = {isa = PBXFileReference; lastKnownFileType = sourcecode.swift; path = CustomARViewRepresentable.swift; sourceTree = "<group>"; };
		5D7A80252AD052C10021C0F2 /* egypt.usdz */ = {isa = PBXFileReference; lastKnownFileType = file.usdz; path = egypt.usdz; sourceTree = "<group>"; };
		5D7A80272AD053DD0021C0F2 /* temple.usdz */ = {isa = PBXFileReference; lastKnownFileType = file.usdz; path = temple.usdz; sourceTree = "<group>"; };
		5D807C9A2AD038C400C498A0 /* tabac.usdz */ = {isa = PBXFileReference; lastKnownFileType = file.usdz; path = tabac.usdz; sourceTree = "<group>"; };
		5DAE39082AD030F200AB4BDB /* ModelsResources.swift */ = {isa = PBXFileReference; lastKnownFileType = sourcecode.swift; path = ModelsResources.swift; sourceTree = "<group>"; };
/* End PBXFileReference section */

/* Begin PBXFrameworksBuildPhase section */
		5D6F6CBE2ACF085A0026A497 /* Frameworks */ = {
			isa = PBXFrameworksBuildPhase;
			buildActionMask = 2147483647;
			files = (
			);
			runOnlyForDeploymentPostprocessing = 0;
		};
/* End PBXFrameworksBuildPhase section */

/* Begin PBXGroup section */
		5D6F6CB82ACF085A0026A497 = {
			isa = PBXGroup;
			children = (
				5D6F6CC32ACF085A0026A497 /* ARTeachHistory */,
				5D6F6CC22ACF085A0026A497 /* Products */,
			);
			sourceTree = "<group>";
		};
		5D6F6CC22ACF085A0026A497 /* Products */ = {
			isa = PBXGroup;
			children = (
				5D6F6CC12ACF085A0026A497 /* ARTeachHistory.app */,
			);
			name = Products;
			sourceTree = "<group>";
		};
		5D6F6CC32ACF085A0026A497 /* ARTeachHistory */ = {
			isa = PBXGroup;
			children = (
				5DAE39062AD02FF900AB4BDB /* ModelsResources */,
				5D6F6CD22ACF08650026A497 /* Feature Targets */,
				5D6F6CC42ACF085A0026A497 /* ARTeachHistoryApp.swift */,
				5D6F6CC82ACF085B0026A497 /* Assets.xcassets */,
				5D6F6CCA2ACF085B0026A497 /* Preview Content */,
			);
			path = ARTeachHistory;
			sourceTree = "<group>";
		};
		5D6F6CCA2ACF085B0026A497 /* Preview Content */ = {
			isa = PBXGroup;
			children = (
				5D6F6CCB2ACF085B0026A497 /* Preview Assets.xcassets */,
			);
			path = "Preview Content";
			sourceTree = "<group>";
		};
		5D6F6CD22ACF08650026A497 /* Feature Targets */ = {
			isa = PBXGroup;
			children = (
				5D6F6CD32ACF08780026A497 /* CustomARView.swift */,
				5D6F6CD52ACF091F0026A497 /* ContentView.swift */,
				5D6F6CD72ACF095E0026A497 /* CustomARViewRepresentable.swift */,
				5DAE39082AD030F200AB4BDB /* ModelsResources.swift */,
			);
			path = "Feature Targets";
			sourceTree = "<group>";
		};
		5DAE39062AD02FF900AB4BDB /* ModelsResources */ = {
			isa = PBXGroup;
			children = (
				5D7A80252AD052C10021C0F2 /* egypt.usdz */,
				5D807C9A2AD038C400C498A0 /* tabac.usdz */,
				5D7A80272AD053DD0021C0F2 /* temple.usdz */,
			);
			path = ModelsResources;
			sourceTree = "<group>";
		};
/* End PBXGroup section */

/* Begin PBXNativeTarget section */
		5D6F6CC02ACF085A0026A497 /* ARTeachHistory */ = {
			isa = PBXNativeTarget;
			buildConfigurationList = 5D6F6CCF2ACF085B0026A497 /* Build configuration list for PBXNativeTarget "ARTeachHistory" */;
			buildPhases = (
				5D6F6CBD2ACF085A0026A497 /* Sources */,
				5D6F6CBE2ACF085A0026A497 /* Frameworks */,
				5D6F6CBF2ACF085A0026A497 /* Resources */,
			);
			buildRules = (
			);
			dependencies = (
			);
			name = ARTeachHistory;
			productName = ARTeachHistory;
			productReference = 5D6F6CC12ACF085A0026A497 /* ARTeachHistory.app */;
			productType = "com.apple.product-type.application";
		};
/* End PBXNativeTarget section */

/* Begin PBXProject section */
		5D6F6CB92ACF085A0026A497 /* Project object */ = {
			isa = PBXProject;
			attributes = {
				BuildIndependentTargetsInParallel = 1;
				LastSwiftUpdateCheck = 1500;
				LastUpgradeCheck = 1500;
				TargetAttributes = {
					5D6F6CC02ACF085A0026A497 = {
						CreatedOnToolsVersion = 15.0;
					};
				};
			};
			buildConfigurationList = 5D6F6CBC2ACF085A0026A497 /* Build configuration list for PBXProject "ARTeachHistory" */;
			compatibilityVersion = "Xcode 14.0";
			developmentRegion = en;
			hasScannedForEncodings = 0;
			knownRegions = (
				en,
				Base,
			);
			mainGroup = 5D6F6CB82ACF085A0026A497;
			productRefGroup = 5D6F6CC22ACF085A0026A497 /* Products */;
			projectDirPath = "";
			projectRoot = "";
			targets = (
				5D6F6CC02ACF085A0026A497 /* ARTeachHistory */,
			);
		};
/* End PBXProject section */

/* Begin PBXResourcesBuildPhase section */
		5D6F6CBF2ACF085A0026A497 /* Resources */ = {
			isa = PBXResourcesBuildPhase;
			buildActionMask = 2147483647;
			files = (
				5D6F6CCC2ACF085B0026A497 /* Preview Assets.xcassets in Resources */,
				5D6F6CC92ACF085B0026A497 /* Assets.xcassets in Resources */,
				5D807C9B2AD038C400C498A0 /* tabac.usdz in Resources */,
				5D7A80262AD052C20021C0F2 /* egypt.usdz in Resources */,
				5D7A80282AD053DD0021C0F2 /* temple.usdz in Resources */,
			);
			runOnlyForDeploymentPostprocessing = 0;
		};
/* End PBXResourcesBuildPhase section */

/* Begin PBXSourcesBuildPhase section */
		5D6F6CBD2ACF085A0026A497 /* Sources */ = {
			isa = PBXSourcesBuildPhase;
			buildActionMask = 2147483647;
			files = (
				5D6F6CD82ACF095E0026A497 /* CustomARViewRepresentable.swift in Sources */,
				5DAE39092AD030F200AB4BDB /* ModelsResources.swift in Sources */,
				5D6F6CD42ACF08780026A497 /* CustomARView.swift in Sources */,
				5D6F6CD62ACF091F0026A497 /* ContentView.swift in Sources */,
				5D6F6CC52ACF085A0026A497 /* ARTeachHistoryApp.swift in Sources */,
			);
			runOnlyForDeploymentPostprocessing = 0;
		};
/* End PBXSourcesBuildPhase section */

/* Begin XCBuildConfiguration section */
		5D6F6CCD2ACF085B0026A497 /* Debug */ = {
			isa = XCBuildConfiguration;
			buildSettings = {
				ALWAYS_SEARCH_USER_PATHS = NO;
				ASSETCATALOG_COMPILER_GENERATE_SWIFT_ASSET_SYMBOL_EXTENSIONS = YES;
				CLANG_ANALYZER_NONNULL = YES;
				CLANG_ANALYZER_NUMBER_OBJECT_CONVERSION = YES_AGGRESSIVE;
				CLANG_CXX_LANGUAGE_STANDARD = "gnu++20";
				CLANG_ENABLE_MODULES = YES;
				CLANG_ENABLE_OBJC_ARC = YES;
				CLANG_ENABLE_OBJC_WEAK = YES;
				CLANG_WARN_BLOCK_CAPTURE_AUTORELEASING = YES;
				CLANG_WARN_BOOL_CONVERSION = YES;
				CLANG_WARN_COMMA = YES;
				CLANG_WARN_CONSTANT_CONVERSION = YES;
				CLANG_WARN_DEPRECATED_OBJC_IMPLEMENTATIONS = YES;
				CLANG_WARN_DIRECT_OBJC_ISA_USAGE = YES_ERROR;
				CLANG_WARN_DOCUMENTATION_COMMENTS = YES;
				CLANG_WARN_EMPTY_BODY = YES;
				CLANG_WARN_ENUM_CONVERSION = YES;
				CLANG_WARN_INFINITE_RECURSION = YES;
				CLANG_WARN_INT_CONVERSION = YES;
				CLANG_WARN_NON_LITERAL_NULL_CONVERSION = YES;
				CLANG_WARN_OBJC_IMPLICIT_RETAIN_SELF = YES;
				CLANG_WARN_OBJC_LITERAL_CONVERSION = YES;
				CLANG_WARN_OBJC_ROOT_CLASS = YES_ERROR;
				CLANG_WARN_QUOTED_INCLUDE_IN_FRAMEWORK_HEADER = YES;
				CLANG_WARN_RANGE_LOOP_ANALYSIS = YES;
				CLANG_WARN_STRICT_PROTOTYPES = YES;
				CLANG_WARN_SUSPICIOUS_MOVE = YES;
				CLANG_WARN_UNGUARDED_AVAILABILITY = YES_AGGRESSIVE;
				CLANG_WARN_UNREACHABLE_CODE = YES;
				CLANG_WARN__DUPLICATE_METHOD_MATCH = YES;
				COPY_PHASE_STRIP = NO;
				DEBUG_INFORMATION_FORMAT = dwarf;
				ENABLE_STRICT_OBJC_MSGSEND = YES;
				ENABLE_TESTABILITY = YES;
				ENABLE_USER_SCRIPT_SANDBOXING = YES;
				GCC_C_LANGUAGE_STANDARD = gnu17;
				GCC_DYNAMIC_NO_PIC = NO;
				GCC_NO_COMMON_BLOCKS = YES;
				GCC_OPTIMIZATION_LEVEL = 0;
				GCC_PREPROCESSOR_DEFINITIONS = (
					"DEBUG=1",
					"$(inherited)",
				);
				GCC_WARN_64_TO_32_BIT_CONVERSION = YES;
				GCC_WARN_ABOUT_RETURN_TYPE = YES_ERROR;
				GCC_WARN_UNDECLARED_SELECTOR = YES;
				GCC_WARN_UNINITIALIZED_AUTOS = YES_AGGRESSIVE;
				GCC_WARN_UNUSED_FUNCTION = YES;
				GCC_WARN_UNUSED_VARIABLE = YES;
				IPHONEOS_DEPLOYMENT_TARGET = 17.0;
				LOCALIZATION_PREFERS_STRING_CATALOGS = YES;
				MTL_ENABLE_DEBUG_INFO = INCLUDE_SOURCE;
				MTL_FAST_MATH = YES;
				ONLY_ACTIVE_ARCH = YES;
				SDKROOT = iphoneos;
				SWIFT_ACTIVE_COMPILATION_CONDITIONS = "DEBUG $(inherited)";
				SWIFT_OPTIMIZATION_LEVEL = "-Onone";
			};
			name = Debug;
		};
		5D6F6CCE2ACF085B0026A497 /* Release */ = {
			isa = XCBuildConfiguration;
			buildSettings = {
				ALWAYS_SEARCH_USER_PATHS = NO;
				ASSETCATALOG_COMPILER_GENERATE_SWIFT_ASSET_SYMBOL_EXTENSIONS = YES;
				CLANG_ANALYZER_NONNULL = YES;
				CLANG_ANALYZER_NUMBER_OBJECT_CONVERSION = YES_AGGRESSIVE;
				CLANG_CXX_LANGUAGE_STANDARD = "gnu++20";
				CLANG_ENABLE_MODULES = YES;
				CLANG_ENABLE_OBJC_ARC = YES;
				CLANG_ENABLE_OBJC_WEAK = YES;
				CLANG_WARN_BLOCK_CAPTURE_AUTORELEASING = YES;
				CLANG_WARN_BOOL_CONVERSION = YES;
				CLANG_WARN_COMMA = YES;
				CLANG_WARN_CONSTANT_CONVERSION = YES;
				CLANG_WARN_DEPRECATED_OBJC_IMPLEMENTATIONS = YES;
				CLANG_WARN_DIRECT_OBJC_ISA_USAGE = YES_ERROR;
				CLANG_WARN_DOCUMENTATION_COMMENTS = YES;
				CLANG_WARN_EMPTY_BODY = YES;
				CLANG_WARN_ENUM_CONVERSION = YES;
				CLANG_WARN_INFINITE_RECURSION = YES;
				CLANG_WARN_INT_CONVERSION = YES;
				CLANG_WARN_NON_LITERAL_NULL_CONVERSION = YES;
				CLANG_WARN_OBJC_IMPLICIT_RETAIN_SELF = YES;
				CLANG_WARN_OBJC_LITERAL_CONVERSION = YES;
				CLANG_WARN_OBJC_ROOT_CLASS = YES_ERROR;
				CLANG_WARN_QUOTED_INCLUDE_IN_FRAMEWORK_HEADER = YES;
				CLANG_WARN_RANGE_LOOP_ANALYSIS = YES;
				CLANG_WARN_STRICT_PROTOTYPES = YES;
				CLANG_WARN_SUSPICIOUS_MOVE = YES;
				CLANG_WARN_UNGUARDED_AVAILABILITY = YES_AGGRESSIVE;
				CLANG_WARN_UNREACHABLE_CODE = YES;
				CLANG_WARN__DUPLICATE_METHOD_MATCH = YES;
				COPY_PHASE_STRIP = NO;
				DEBUG_INFORMATION_FORMAT = "dwarf-with-dsym";
				ENABLE_NS_ASSERTIONS = NO;
				ENABLE_STRICT_OBJC_MSGSEND = YES;
				ENABLE_USER_SCRIPT_SANDBOXING = YES;
				GCC_C_LANGUAGE_STANDARD = gnu17;
				GCC_NO_COMMON_BLOCKS = YES;
				GCC_WARN_64_TO_32_BIT_CONVERSION = YES;
				GCC_WARN_ABOUT_RETURN_TYPE = YES_ERROR;
				GCC_WARN_UNDECLARED_SELECTOR = YES;
				GCC_WARN_UNINITIALIZED_AUTOS = YES_AGGRESSIVE;
				GCC_WARN_UNUSED_FUNCTION = YES;
				GCC_WARN_UNUSED_VARIABLE = YES;
				IPHONEOS_DEPLOYMENT_TARGET = 17.0;
				LOCALIZATION_PREFERS_STRING_CATALOGS = YES;
				MTL_ENABLE_DEBUG_INFO = NO;
				MTL_FAST_MATH = YES;
				SDKROOT = iphoneos;
				SWIFT_COMPILATION_MODE = wholemodule;
				VALIDATE_PRODUCT = YES;
			};
			name = Release;
		};
		5D6F6CD02ACF085B0026A497 /* Debug */ = {
			isa = XCBuildConfiguration;
			buildSettings = {
				ASSETCATALOG_COMPILER_APPICON_NAME = AppIcon;
				ASSETCATALOG_COMPILER_GLOBAL_ACCENT_COLOR_NAME = AccentColor;
				CODE_SIGN_STYLE = Automatic;
				CURRENT_PROJECT_VERSION = 1;
				DEVELOPMENT_ASSET_PATHS = "\"ARTeachHistory/Preview Content\"";
				DEVELOPMENT_TEAM = 9XGJZ44QS5;
				ENABLE_PREVIEWS = YES;
				GENERATE_INFOPLIST_FILE = YES;
				INFOPLIST_KEY_NSCameraUsageDescription = "Required for using AR";
				INFOPLIST_KEY_UIApplicationSceneManifest_Generation = YES;
				INFOPLIST_KEY_UIApplicationSupportsIndirectInputEvents = YES;
				INFOPLIST_KEY_UILaunchScreen_Generation = YES;
				INFOPLIST_KEY_UISupportedInterfaceOrientations_iPad = "UIInterfaceOrientationPortrait UIInterfaceOrientationPortraitUpsideDown UIInterfaceOrientationLandscapeLeft UIInterfaceOrientationLandscapeRight";
				INFOPLIST_KEY_UISupportedInterfaceOrientations_iPhone = "UIInterfaceOrientationPortrait UIInterfaceOrientationLandscapeLeft UIInterfaceOrientationLandscapeRight";
				LD_RUNPATH_SEARCH_PATHS = (
					"$(inherited)",
					"@executable_path/Frameworks",
				);
				MARKETING_VERSION = 1.0;
				PRODUCT_BUNDLE_IDENTIFIER = "net.doggo-saloon.ARTeachHistory";
				PRODUCT_NAME = "$(TARGET_NAME)";
				SWIFT_EMIT_LOC_STRINGS = YES;
				SWIFT_VERSION = 5.0;
				TARGETED_DEVICE_FAMILY = "1,2";
			};
			name = Debug;
		};
		5D6F6CD12ACF085B0026A497 /* Release */ = {
			isa = XCBuildConfiguration;
			buildSettings = {
				ASSETCATALOG_COMPILER_APPICON_NAME = AppIcon;
				ASSETCATALOG_COMPILER_GLOBAL_ACCENT_COLOR_NAME = AccentColor;
				CODE_SIGN_STYLE = Automatic;
				CURRENT_PROJECT_VERSION = 1;
				DEVELOPMENT_ASSET_PATHS = "\"ARTeachHistory/Preview Content\"";
				DEVELOPMENT_TEAM = 9XGJZ44QS5;
				ENABLE_PREVIEWS = YES;
				GENERATE_INFOPLIST_FILE = YES;
				INFOPLIST_KEY_NSCameraUsageDescription = "Required for using AR";
				INFOPLIST_KEY_UIApplicationSceneManifest_Generation = YES;
				INFOPLIST_KEY_UIApplicationSupportsIndirectInputEvents = YES;
				INFOPLIST_KEY_UILaunchScreen_Generation = YES;
				INFOPLIST_KEY_UISupportedInterfaceOrientations_iPad = "UIInterfaceOrientationPortrait UIInterfaceOrientationPortraitUpsideDown UIInterfaceOrientationLandscapeLeft UIInterfaceOrientationLandscapeRight";
				INFOPLIST_KEY_UISupportedInterfaceOrientations_iPhone = "UIInterfaceOrientationPortrait UIInterfaceOrientationLandscapeLeft UIInterfaceOrientationLandscapeRight";
				LD_RUNPATH_SEARCH_PATHS = (
					"$(inherited)",
					"@executable_path/Frameworks",
				);
				MARKETING_VERSION = 1.0;
				PRODUCT_BUNDLE_IDENTIFIER = "net.doggo-saloon.ARTeachHistory";
				PRODUCT_NAME = "$(TARGET_NAME)";
				SWIFT_EMIT_LOC_STRINGS = YES;
				SWIFT_VERSION = 5.0;
				TARGETED_DEVICE_FAMILY = "1,2";
			};
			name = Release;
		};
/* End XCBuildConfiguration section */

/* Begin XCConfigurationList section */
		5D6F6CBC2ACF085A0026A497 /* Build configuration list for PBXProject "ARTeachHistory" */ = {
			isa = XCConfigurationList;
			buildConfigurations = (
				5D6F6CCD2ACF085B0026A497 /* Debug */,
				5D6F6CCE2ACF085B0026A497 /* Release */,
			);
			defaultConfigurationIsVisible = 0;
			defaultConfigurationName = Release;
		};
		5D6F6CCF2ACF085B0026A497 /* Build configuration list for PBXNativeTarget "ARTeachHistory" */ = {
			isa = XCConfigurationList;
			buildConfigurations = (
				5D6F6CD02ACF085B0026A497 /* Debug */,
				5D6F6CD12ACF085B0026A497 /* Release */,
			);
			defaultConfigurationIsVisible = 0;
			defaultConfigurationName = Release;
		};
/* End XCConfigurationList section */
	};
	rootObject = 5D6F6CB92ACF085A0026A497 /* Project object */;
}
